
Microsoft Visual Studio Solution File, Format Version 12.00
# Visual Studio Version 17
VisualStudioVersion = 17.6.33815.320
MinimumVisualStudioVersion = 10.0.40219.1
Project("{888888A0-9F3D-457C-B088-3A5042F75D52}") = "Lab1Thursday", "Lab1Thursday.pyproj", "{BEE1A460-D6DA-46B4-BF6D-14884807D981}"
EndProject
Global
	GlobalSection(SolutionConfigurationPlatforms) = preSolution
		Debug|Any CPU = Debug|Any CPU
		Release|Any CPU = Release|Any CPU
	EndGlobalSection
	GlobalSection(ProjectConfigurationPlatforms) = postSolution
		{BEE1A460-D6DA-46B4-BF6D-14884807D981}.Debug|Any CPU.ActiveCfg = Debug|Any CPU
		{BEE1A460-D6DA-46B4-BF6D-14884807D981}.Release|Any CPU.ActiveCfg = Release|Any CPU
	EndGlobalSection
	GlobalSection(SolutionProperties) = preSolution
		HideSolutionNode = FALSE
	EndGlobalSection
	GlobalSection(ExtensibilityGlobals) = postSolution
		SolutionGuid = {36A429D7-0E86-478B-B6EB-BFBE50918573}
	EndGlobalSection
EndGlobal
