
Microsoft Visual Studio Solution File, Format Version 12.00
# Visual Studio Version 17
VisualStudioVersion = 17.6.33815.320
MinimumVisualStudioVersion = 10.0.40219.1
Project("{888888A0-9F3D-457C-B088-3A5042F75D52}") = "mnist_lab3", "mnist_lab3.pyproj", "{B329A95F-6F74-46CF-BE95-C7CA1140107F}"
EndProject
Global
	GlobalSection(SolutionConfigurationPlatforms) = preSolution
		Debug|Any CPU = Debug|Any CPU
		Release|Any CPU = Release|Any CPU
	EndGlobalSection
	GlobalSection(ProjectConfigurationPlatforms) = postSolution
		{B329A95F-6F74-46CF-BE95-C7CA1140107F}.Debug|Any CPU.ActiveCfg = Debug|Any CPU
		{B329A95F-6F74-46CF-BE95-C7CA1140107F}.Release|Any CPU.ActiveCfg = Release|Any CPU
	EndGlobalSection
	GlobalSection(SolutionProperties) = preSolution
		HideSolutionNode = FALSE
	EndGlobalSection
	GlobalSection(ExtensibilityGlobals) = postSolution
		SolutionGuid = {699E72C2-2271-491A-B5FA-C8E0B31FE0A5}
	EndGlobalSection
EndGlobal
