
Microsoft Visual Studio Solution File, Format Version 12.00
# Visual Studio Version 17
VisualStudioVersion = 17.6.33815.320
MinimumVisualStudioVersion = 10.0.40219.1
Project("{888888A0-9F3D-457C-B088-3A5042F75D52}") = "Lab4Thursday", "Lab4Thursday.pyproj", "{EBF123B1-B2DA-4689-B7CD-2B09AF26C81E}"
EndProject
Global
	GlobalSection(SolutionConfigurationPlatforms) = preSolution
		Debug|Any CPU = Debug|Any CPU
		Release|Any CPU = Release|Any CPU
	EndGlobalSection
	GlobalSection(ProjectConfigurationPlatforms) = postSolution
		{EBF123B1-B2DA-4689-B7CD-2B09AF26C81E}.Debug|Any CPU.ActiveCfg = Debug|Any CPU
		{EBF123B1-B2DA-4689-B7CD-2B09AF26C81E}.Release|Any CPU.ActiveCfg = Release|Any CPU
	EndGlobalSection
	GlobalSection(SolutionProperties) = preSolution
		HideSolutionNode = FALSE
	EndGlobalSection
	GlobalSection(ExtensibilityGlobals) = postSolution
		SolutionGuid = {0394DE51-037A-4C5F-8325-2965E140EBE3}
	EndGlobalSection
EndGlobal
